# This file is @generated by PDM.
# It is not intended for manual editing.

[metadata]
groups = ["default"]
strategy = ["inherit_metadata"]
lock_version = "4.5.0"
content_hash = "sha256:97c0a9c462b5253ceb97c38eb814925b1c7ce812c18fca57dc4abdcc6287ef82"

[[metadata.targets]]
requires_python = "==3.11.*"

[[package]]
name = "aiohappyeyeballs"
version = "2.4.3"
requires_python = ">=3.8"
summary = "Happy Eyeballs for asyncio"
groups = ["default"]
files = [
    {file = "aiohappyeyeballs-2.4.3-py3-none-any.whl", hash = "sha256:8a7a83727b2756f394ab2895ea0765a0a8c475e3c71e98d43d76f22b4b435572"},
    {file = "aiohappyeyeballs-2.4.3.tar.gz", hash = "sha256:75cf88a15106a5002a8eb1dab212525c00d1f4c0fa96e551c9fbe6f09a621586"},
]

[[package]]
name = "aiohttp"
version = "3.10.10"
requires_python = ">=3.8"
summary = "Async http client/server framework (asyncio)"
groups = ["default"]
dependencies = [
    "aiohappyeyeballs>=2.3.0",
    "aiosignal>=1.1.2",
    "async-timeout<5.0,>=4.0; python_version < \"3.11\"",
    "attrs>=17.3.0",
    "frozenlist>=1.1.1",
    "multidict<7.0,>=4.5",
    "yarl<2.0,>=1.12.0",
]
files = [
    {file = "aiohttp-3.10.10-cp311-cp311-macosx_10_9_universal2.whl", hash = "sha256:c30a0eafc89d28e7f959281b58198a9fa5e99405f716c0289b7892ca345fe45f"},
    {file = "aiohttp-3.10.10-cp311-cp311-macosx_10_9_x86_64.whl", hash = "sha256:258c5dd01afc10015866114e210fb7365f0d02d9d059c3c3415382ab633fcbcb"},
    {file = "aiohttp-3.10.10-cp311-cp311-macosx_11_0_arm64.whl", hash = "sha256:15ecd889a709b0080f02721255b3f80bb261c2293d3c748151274dfea93ac871"},
    {file = "aiohttp-3.10.10-cp311-cp311-manylinux_2_17_aarch64.manylinux2014_aarch64.whl", hash = "sha256:f3935f82f6f4a3820270842e90456ebad3af15810cf65932bd24da4463bc0a4c"},
    {file = "aiohttp-3.10.10-cp311-cp311-manylinux_2_17_ppc64le.manylinux2014_ppc64le.whl", hash = "sha256:413251f6fcf552a33c981c4709a6bba37b12710982fec8e558ae944bfb2abd38"},
    {file = "aiohttp-3.10.10-cp311-cp311-manylinux_2_17_s390x.manylinux2014_s390x.whl", hash = "sha256:d1720b4f14c78a3089562b8875b53e36b51c97c51adc53325a69b79b4b48ebcb"},
    {file = "aiohttp-3.10.10-cp311-cp311-manylinux_2_17_x86_64.manylinux2014_x86_64.whl", hash = "sha256:679abe5d3858b33c2cf74faec299fda60ea9de62916e8b67e625d65bf069a3b7"},
    {file = "aiohttp-3.10.10-cp311-cp311-manylinux_2_5_i686.manylinux1_i686.manylinux_2_17_i686.manylinux2014_i686.whl", hash = "sha256:79019094f87c9fb44f8d769e41dbb664d6e8fcfd62f665ccce36762deaa0e911"},
    {file = "aiohttp-3.10.10-cp311-cp311-musllinux_1_2_aarch64.whl", hash = "sha256:fe2fb38c2ed905a2582948e2de560675e9dfbee94c6d5ccdb1301c6d0a5bf092"},
    {file = "aiohttp-3.10.10-cp311-cp311-musllinux_1_2_i686.whl", hash = "sha256:a3f00003de6eba42d6e94fabb4125600d6e484846dbf90ea8e48a800430cc142"},
    {file = "aiohttp-3.10.10-cp311-cp311-musllinux_1_2_ppc64le.whl", hash = "sha256:1bbb122c557a16fafc10354b9d99ebf2f2808a660d78202f10ba9d50786384b9"},
    {file = "aiohttp-3.10.10-cp311-cp311-musllinux_1_2_s390x.whl", hash = "sha256:30ca7c3b94708a9d7ae76ff281b2f47d8eaf2579cd05971b5dc681db8caac6e1"},
    {file = "aiohttp-3.10.10-cp311-cp311-musllinux_1_2_x86_64.whl", hash = "sha256:df9270660711670e68803107d55c2b5949c2e0f2e4896da176e1ecfc068b974a"},
    {file = "aiohttp-3.10.10-cp311-cp311-win32.whl", hash = "sha256:aafc8ee9b742ce75044ae9a4d3e60e3d918d15a4c2e08a6c3c3e38fa59b92d94"},
    {file = "aiohttp-3.10.10-cp311-cp311-win_amd64.whl", hash = "sha256:362f641f9071e5f3ee6f8e7d37d5ed0d95aae656adf4ef578313ee585b585959"},
    {file = "aiohttp-3.10.10.tar.gz", hash = "sha256:0631dd7c9f0822cc61c88586ca76d5b5ada26538097d0f1df510b082bad3411a"},
]

[[package]]
name = "aiosignal"
version = "1.3.1"
requires_python = ">=3.7"
summary = "aiosignal: a list of registered asynchronous callbacks"
groups = ["default"]
dependencies = [
    "frozenlist>=1.1.0",
]
files = [
    {file = "aiosignal-1.3.1-py3-none-any.whl", hash = "sha256:f8376fb07dd1e86a584e4fcdec80b36b7f81aac666ebc724e2c090300dd83b17"},
    {file = "aiosignal-1.3.1.tar.gz", hash = "sha256:54cd96e15e1649b75d6c87526a6ff0b6c1b0dd3459f43d9ca11d48c339b68cfc"},
]

[[package]]
name = "annotated-types"
version = "0.7.0"
requires_python = ">=3.8"
summary = "Reusable constraint types to use with typing.Annotated"
groups = ["default"]
dependencies = [
    "typing-extensions>=4.0.0; python_version < \"3.9\"",
]
files = [
    {file = "annotated_types-0.7.0-py3-none-any.whl", hash = "sha256:1f02e8b43a8fbbc3f3e0d4f0f4bfc8131bcb4eebe8849b8e5c773f3a1c582a53"},
    {file = "annotated_types-0.7.0.tar.gz", hash = "sha256:aff07c09a53a08bc8cfccb9c85b05f1aa9a2a6f23728d790723543408344ce89"},
]

[[package]]
name = "anyio"
version = "4.6.2.post1"
requires_python = ">=3.9"
summary = "High level compatibility layer for multiple asynchronous event loop implementations"
groups = ["default"]
dependencies = [
    "exceptiongroup>=1.0.2; python_version < \"3.11\"",
    "idna>=2.8",
    "sniffio>=1.1",
    "typing-extensions>=4.1; python_version < \"3.11\"",
]
files = [
    {file = "anyio-4.6.2.post1-py3-none-any.whl", hash = "sha256:6d170c36fba3bdd840c73d3868c1e777e33676a69c3a72cf0a0d5d6d8009b61d"},
    {file = "anyio-4.6.2.post1.tar.gz", hash = "sha256:4c8bc31ccdb51c7f7bd251f51c609e038d63e34219b44aa86e47576389880b4c"},
]

[[package]]
name = "attrs"
version = "24.2.0"
requires_python = ">=3.7"
summary = "Classes Without Boilerplate"
groups = ["default"]
dependencies = [
    "importlib-metadata; python_version < \"3.8\"",
]
files = [
    {file = "attrs-24.2.0-py3-none-any.whl", hash = "sha256:81921eb96de3191c8258c199618104dd27ac608d9366f5e35d011eae1867ede2"},
    {file = "attrs-24.2.0.tar.gz", hash = "sha256:5cfb1b9148b5b086569baec03f20d7b6bf3bcacc9a42bebf87ffaaca362f6346"},
]

[[package]]
name = "authlib"
version = "1.3.2"
requires_python = ">=3.8"
summary = "The ultimate Python library in building OAuth and OpenID Connect servers and clients."
groups = ["default"]
dependencies = [
    "cryptography",
]
files = [
    {file = "Authlib-1.3.2-py2.py3-none-any.whl", hash = "sha256:ede026a95e9f5cdc2d4364a52103f5405e75aa156357e831ef2bfd0bc5094dfc"},
    {file = "authlib-1.3.2.tar.gz", hash = "sha256:4b16130117f9eb82aa6eec97f6dd4673c3f960ac0283ccdae2897ee4bc030ba2"},
]

[[package]]
name = "certifi"
version = "2024.8.30"
requires_python = ">=3.6"
summary = "Python package for providing Mozilla's CA Bundle."
groups = ["default"]
files = [
    {file = "certifi-2024.8.30-py3-none-any.whl", hash = "sha256:922820b53db7a7257ffbda3f597266d435245903d80737e34f8a45ff3e3230d8"},
    {file = "certifi-2024.8.30.tar.gz", hash = "sha256:bec941d2aa8195e248a60b31ff9f0558284cf01a52591ceda73ea9afffd69fd9"},
]

[[package]]
name = "cffi"
version = "1.17.1"
requires_python = ">=3.8"
summary = "Foreign Function Interface for Python calling C code."
groups = ["default"]
marker = "platform_python_implementation != \"PyPy\""
dependencies = [
    "pycparser",
]
files = [
    {file = "cffi-1.17.1-cp311-cp311-macosx_10_9_x86_64.whl", hash = "sha256:a45e3c6913c5b87b3ff120dcdc03f6131fa0065027d0ed7ee6190736a74cd401"},
    {file = "cffi-1.17.1-cp311-cp311-macosx_11_0_arm64.whl", hash = "sha256:30c5e0cb5ae493c04c8b42916e52ca38079f1b235c2f8ae5f4527b963c401caf"},
    {file = "cffi-1.17.1-cp311-cp311-manylinux_2_12_i686.manylinux2010_i686.manylinux_2_17_i686.manylinux2014_i686.whl", hash = "sha256:f75c7ab1f9e4aca5414ed4d8e5c0e303a34f4421f8a0d47a4d019ceff0ab6af4"},
    {file = "cffi-1.17.1-cp311-cp311-manylinux_2_17_aarch64.manylinux2014_aarch64.whl", hash = "sha256:a1ed2dd2972641495a3ec98445e09766f077aee98a1c896dcb4ad0d303628e41"},
    {file = "cffi-1.17.1-cp311-cp311-manylinux_2_17_ppc64le.manylinux2014_ppc64le.whl", hash = "sha256:46bf43160c1a35f7ec506d254e5c890f3c03648a4dbac12d624e4490a7046cd1"},
    {file = "cffi-1.17.1-cp311-cp311-manylinux_2_17_s390x.manylinux2014_s390x.whl", hash = "sha256:a24ed04c8ffd54b0729c07cee15a81d964e6fee0e3d4d342a27b020d22959dc6"},
    {file = "cffi-1.17.1-cp311-cp311-manylinux_2_17_x86_64.manylinux2014_x86_64.whl", hash = "sha256:610faea79c43e44c71e1ec53a554553fa22321b65fae24889706c0a84d4ad86d"},
    {file = "cffi-1.17.1-cp311-cp311-musllinux_1_1_aarch64.whl", hash = "sha256:a9b15d491f3ad5d692e11f6b71f7857e7835eb677955c00cc0aefcd0669adaf6"},
    {file = "cffi-1.17.1-cp311-cp311-musllinux_1_1_i686.whl", hash = "sha256:de2ea4b5833625383e464549fec1bc395c1bdeeb5f25c4a3a82b5a8c756ec22f"},
    {file = "cffi-1.17.1-cp311-cp311-musllinux_1_1_x86_64.whl", hash = "sha256:fc48c783f9c87e60831201f2cce7f3b2e4846bf4d8728eabe54d60700b318a0b"},
    {file = "cffi-1.17.1-cp311-cp311-win32.whl", hash = "sha256:85a950a4ac9c359340d5963966e3e0a94a676bd6245a4b55bc43949eee26a655"},
    {file = "cffi-1.17.1-cp311-cp311-win_amd64.whl", hash = "sha256:caaf0640ef5f5517f49bc275eca1406b0ffa6aa184892812030f04c2abf589a0"},
    {file = "cffi-1.17.1.tar.gz", hash = "sha256:1c39c6016c32bc48dd54561950ebd6836e1670f2ae46128f67cf49e789c52824"},
]

[[package]]
name = "click"
version = "8.1.7"
requires_python = ">=3.7"
summary = "Composable command line interface toolkit"
groups = ["default"]
dependencies = [
    "colorama; platform_system == \"Windows\"",
    "importlib-metadata; python_version < \"3.8\"",
]
files = [
    {file = "click-8.1.7-py3-none-any.whl", hash = "sha256:ae74fb96c20a0277a1d615f1e4d73c8414f5a98db8b799a7931d1582f3390c28"},
    {file = "click-8.1.7.tar.gz", hash = "sha256:ca9853ad459e787e2192211578cc907e7594e294c7ccc834310722b41b9ca6de"},
]

[[package]]
name = "colorama"
version = "0.4.6"
requires_python = "!=3.0.*,!=3.1.*,!=3.2.*,!=3.3.*,!=3.4.*,!=3.5.*,!=3.6.*,>=2.7"
summary = "Cross-platform colored terminal text."
groups = ["default"]
marker = "platform_system == \"Windows\""
files = [
    {file = "colorama-0.4.6-py2.py3-none-any.whl", hash = "sha256:4f1d9991f5acc0ca119f9d443620b77f9d6b33703e51011c16baf57afb285fc6"},
    {file = "colorama-0.4.6.tar.gz", hash = "sha256:08695f5cb7ed6e0531a20572697297273c47b8cae5a63ffc6d6ed5c201be6e44"},
]

[[package]]
name = "cryptography"
version = "43.0.3"
requires_python = ">=3.7"
summary = "cryptography is a package which provides cryptographic recipes and primitives to Python developers."
groups = ["default"]
dependencies = [
    "cffi>=1.12; platform_python_implementation != \"PyPy\"",
]
files = [
    {file = "cryptography-43.0.3-cp37-abi3-macosx_10_9_universal2.whl", hash = "sha256:bf7a1932ac4176486eab36a19ed4c0492da5d97123f1406cf15e41b05e787d2e"},
    {file = "cryptography-43.0.3-cp37-abi3-manylinux_2_17_aarch64.manylinux2014_aarch64.whl", hash = "sha256:63efa177ff54aec6e1c0aefaa1a241232dcd37413835a9b674b6e3f0ae2bfd3e"},
    {file = "cryptography-43.0.3-cp37-abi3-manylinux_2_17_x86_64.manylinux2014_x86_64.whl", hash = "sha256:7e1ce50266f4f70bf41a2c6dc4358afadae90e2a1e5342d3c08883df1675374f"},
    {file = "cryptography-43.0.3-cp37-abi3-manylinux_2_28_aarch64.whl", hash = "sha256:443c4a81bb10daed9a8f334365fe52542771f25aedaf889fd323a853ce7377d6"},
    {file = "cryptography-43.0.3-cp37-abi3-manylinux_2_28_x86_64.whl", hash = "sha256:74f57f24754fe349223792466a709f8e0c093205ff0dca557af51072ff47ab18"},
    {file = "cryptography-43.0.3-cp37-abi3-musllinux_1_2_aarch64.whl", hash = "sha256:9762ea51a8fc2a88b70cf2995e5675b38d93bf36bd67d91721c309df184f49bd"},
    {file = "cryptography-43.0.3-cp37-abi3-musllinux_1_2_x86_64.whl", hash = "sha256:81ef806b1fef6b06dcebad789f988d3b37ccaee225695cf3e07648eee0fc6b73"},
    {file = "cryptography-43.0.3-cp37-abi3-win32.whl", hash = "sha256:cbeb489927bd7af4aa98d4b261af9a5bc025bd87f0e3547e11584be9e9427be2"},
    {file = "cryptography-43.0.3-cp37-abi3-win_amd64.whl", hash = "sha256:f46304d6f0c6ab8e52770addfa2fc41e6629495548862279641972b6215451cd"},
    {file = "cryptography-43.0.3-cp39-abi3-macosx_10_9_universal2.whl", hash = "sha256:8ac43ae87929a5982f5948ceda07001ee5e83227fd69cf55b109144938d96984"},
    {file = "cryptography-43.0.3-cp39-abi3-manylinux_2_17_aarch64.manylinux2014_aarch64.whl", hash = "sha256:846da004a5804145a5f441b8530b4bf35afbf7da70f82409f151695b127213d5"},
    {file = "cryptography-43.0.3-cp39-abi3-manylinux_2_17_x86_64.manylinux2014_x86_64.whl", hash = "sha256:0f996e7268af62598f2fc1204afa98a3b5712313a55c4c9d434aef49cadc91d4"},
    {file = "cryptography-43.0.3-cp39-abi3-manylinux_2_28_aarch64.whl", hash = "sha256:f7b178f11ed3664fd0e995a47ed2b5ff0a12d893e41dd0494f406d1cf555cab7"},
    {file = "cryptography-43.0.3-cp39-abi3-manylinux_2_28_x86_64.whl", hash = "sha256:c2e6fc39c4ab499049df3bdf567f768a723a5e8464816e8f009f121a5a9f4405"},
    {file = "cryptography-43.0.3-cp39-abi3-musllinux_1_2_aarch64.whl", hash = "sha256:e1be4655c7ef6e1bbe6b5d0403526601323420bcf414598955968c9ef3eb7d16"},
    {file = "cryptography-43.0.3-cp39-abi3-musllinux_1_2_x86_64.whl", hash = "sha256:df6b6c6d742395dd77a23ea3728ab62f98379eff8fb61be2744d4679ab678f73"},
    {file = "cryptography-43.0.3-cp39-abi3-win32.whl", hash = "sha256:d56e96520b1020449bbace2b78b603442e7e378a9b3bd68de65c782db1507995"},
    {file = "cryptography-43.0.3-cp39-abi3-win_amd64.whl", hash = "sha256:0c580952eef9bf68c4747774cde7ec1d85a6e61de97281f2dba83c7d2c806362"},
    {file = "cryptography-43.0.3.tar.gz", hash = "sha256:315b9001266a492a6ff443b61238f956b214dbec9910a081ba5b6646a055a805"},
]

[[package]]
name = "deprecation"
version = "2.1.0"
summary = "A library to handle automated deprecations"
groups = ["default"]
dependencies = [
    "packaging",
]
files = [
    {file = "deprecation-2.1.0-py2.py3-none-any.whl", hash = "sha256:a10811591210e1fb0e768a8c25517cabeabcba6f0bf96564f8ff45189f90b14a"},
    {file = "deprecation-2.1.0.tar.gz", hash = "sha256:72b3bde64e5d778694b0cf68178aed03d15e15477116add3fb773e581f9518ff"},
]

[[package]]
name = "ecdsa"
version = "0.19.0"
requires_python = "!=3.0.*,!=3.1.*,!=3.2.*,!=3.3.*,!=3.4.*,>=2.6"
summary = "ECDSA cryptographic signature library (pure python)"
groups = ["default"]
dependencies = [
    "six>=1.9.0",
]
files = [
    {file = "ecdsa-0.19.0-py2.py3-none-any.whl", hash = "sha256:2cea9b88407fdac7bbeca0833b189e4c9c53f2ef1e1eaa29f6224dbc809b707a"},
    {file = "ecdsa-0.19.0.tar.gz", hash = "sha256:60eaad1199659900dd0af521ed462b793bbdf867432b3948e87416ae4caf6bf8"},
]

[[package]]
name = "fastapi"
version = "0.115.4"
requires_python = ">=3.8"
summary = "FastAPI framework, high performance, easy to learn, fast to code, ready for production"
groups = ["default"]
dependencies = [
    "pydantic!=1.8,!=1.8.1,!=2.0.0,!=2.0.1,!=2.1.0,<3.0.0,>=1.7.4",
    "starlette<0.42.0,>=0.40.0",
    "typing-extensions>=4.8.0",
]
files = [
    {file = "fastapi-0.115.4-py3-none-any.whl", hash = "sha256:0b504a063ffb3cf96a5e27dc1bc32c80ca743a2528574f9cdc77daa2d31b4742"},
    {file = "fastapi-0.115.4.tar.gz", hash = "sha256:db653475586b091cb8b2fec2ac54a680ac6a158e07406e1abae31679e8826349"},
]

[[package]]
name = "frozenlist"
version = "1.5.0"
requires_python = ">=3.8"
summary = "A list-like structure which implements collections.abc.MutableSequence"
groups = ["default"]
files = [
    {file = "frozenlist-1.5.0-cp311-cp311-macosx_10_9_universal2.whl", hash = "sha256:fd74520371c3c4175142d02a976aee0b4cb4a7cc912a60586ffd8d5929979b30"},
    {file = "frozenlist-1.5.0-cp311-cp311-macosx_10_9_x86_64.whl", hash = "sha256:2f3f7a0fbc219fb4455264cae4d9f01ad41ae6ee8524500f381de64ffaa077d5"},
    {file = "frozenlist-1.5.0-cp311-cp311-macosx_11_0_arm64.whl", hash = "sha256:f47c9c9028f55a04ac254346e92977bf0f166c483c74b4232bee19a6697e4778"},
    {file = "frozenlist-1.5.0-cp311-cp311-manylinux_2_17_aarch64.manylinux2014_aarch64.whl", hash = "sha256:0996c66760924da6e88922756d99b47512a71cfd45215f3570bf1e0b694c206a"},
    {file = "frozenlist-1.5.0-cp311-cp311-manylinux_2_17_ppc64le.manylinux2014_ppc64le.whl", hash = "sha256:a2fe128eb4edeabe11896cb6af88fca5346059f6c8d807e3b910069f39157869"},
    {file = "frozenlist-1.5.0-cp311-cp311-manylinux_2_17_s390x.manylinux2014_s390x.whl", hash = "sha256:1a8ea951bbb6cacd492e3948b8da8c502a3f814f5d20935aae74b5df2b19cf3d"},
    {file = "frozenlist-1.5.0-cp311-cp311-manylinux_2_5_i686.manylinux1_i686.manylinux_2_17_i686.manylinux2014_i686.whl", hash = "sha256:de537c11e4aa01d37db0d403b57bd6f0546e71a82347a97c6a9f0dcc532b3a45"},
    {file = "frozenlist-1.5.0-cp311-cp311-manylinux_2_5_x86_64.manylinux1_x86_64.manylinux_2_17_x86_64.manylinux2014_x86_64.whl", hash = "sha256:9c2623347b933fcb9095841f1cc5d4ff0b278addd743e0e966cb3d460278840d"},
    {file = "frozenlist-1.5.0-cp311-cp311-musllinux_1_2_aarch64.whl", hash = "sha256:cee6798eaf8b1416ef6909b06f7dc04b60755206bddc599f52232606e18179d3"},
    {file = "frozenlist-1.5.0-cp311-cp311-musllinux_1_2_i686.whl", hash = "sha256:f5f9da7f5dbc00a604fe74aa02ae7c98bcede8a3b8b9666f9f86fc13993bc71a"},
    {file = "frozenlist-1.5.0-cp311-cp311-musllinux_1_2_ppc64le.whl", hash = "sha256:90646abbc7a5d5c7c19461d2e3eeb76eb0b204919e6ece342feb6032c9325ae9"},
    {file = "frozenlist-1.5.0-cp311-cp311-musllinux_1_2_s390x.whl", hash = "sha256:bdac3c7d9b705d253b2ce370fde941836a5f8b3c5c2b8fd70940a3ea3af7f4f2"},
    {file = "frozenlist-1.5.0-cp311-cp311-musllinux_1_2_x86_64.whl", hash = "sha256:03d33c2ddbc1816237a67f66336616416e2bbb6beb306e5f890f2eb22b959cdf"},
    {file = "frozenlist-1.5.0-cp311-cp311-win32.whl", hash = "sha256:237f6b23ee0f44066219dae14c70ae38a63f0440ce6750f868ee08775073f942"},
    {file = "frozenlist-1.5.0-cp311-cp311-win_amd64.whl", hash = "sha256:0cc974cc93d32c42e7b0f6cf242a6bd941c57c61b618e78b6c0a96cb72788c1d"},
    {file = "frozenlist-1.5.0-py3-none-any.whl", hash = "sha256:d994863bba198a4a518b467bb971c56e1db3f180a25c6cf7bb1949c267f748c3"},
    {file = "frozenlist-1.5.0.tar.gz", hash = "sha256:81d5af29e61b9c8348e876d442253723928dce6433e0e76cd925cd83f1b4b817"},
]

[[package]]
name = "gotrue"
version = "2.9.3"
requires_python = "<4.0,>=3.9"
summary = "Python Client Library for Supabase Auth"
groups = ["default"]
dependencies = [
    "httpx[http2]<0.28,>=0.26",
    "pydantic<3,>=1.10",
]
files = [
    {file = "gotrue-2.9.3-py3-none-any.whl", hash = "sha256:9d2e9c74405d879f4828e0a7b94daf167a6e109c10ae6e5c59a0e21446f6e423"},
    {file = "gotrue-2.9.3.tar.gz", hash = "sha256:051551d80e642bdd2ab42cac78207745d89a2a08f429a1512d82624e675d8255"},
]

[[package]]
name = "h11"
version = "0.14.0"
requires_python = ">=3.7"
summary = "A pure-Python, bring-your-own-I/O implementation of HTTP/1.1"
groups = ["default"]
dependencies = [
    "typing-extensions; python_version < \"3.8\"",
]
files = [
    {file = "h11-0.14.0-py3-none-any.whl", hash = "sha256:e3fe4ac4b851c468cc8363d500db52c2ead036020723024a109d37346efaa761"},
    {file = "h11-0.14.0.tar.gz", hash = "sha256:8f19fbbe99e72420ff35c00b27a34cb9937e902a8b810e2c88300c6f0a3b699d"},
]

[[package]]
name = "h2"
version = "4.1.0"
requires_python = ">=3.6.1"
summary = "HTTP/2 State-Machine based protocol implementation"
groups = ["default"]
dependencies = [
    "hpack<5,>=4.0",
    "hyperframe<7,>=6.0",
]
files = [
    {file = "h2-4.1.0-py3-none-any.whl", hash = "sha256:03a46bcf682256c95b5fd9e9a99c1323584c3eec6440d379b9903d709476bc6d"},
    {file = "h2-4.1.0.tar.gz", hash = "sha256:a83aca08fbe7aacb79fec788c9c0bac936343560ed9ec18b82a13a12c28d2abb"},
]

[[package]]
name = "hpack"
version = "4.0.0"
requires_python = ">=3.6.1"
summary = "Pure-Python HPACK header compression"
groups = ["default"]
files = [
    {file = "hpack-4.0.0-py3-none-any.whl", hash = "sha256:84a076fad3dc9a9f8063ccb8041ef100867b1878b25ef0ee63847a5d53818a6c"},
    {file = "hpack-4.0.0.tar.gz", hash = "sha256:fc41de0c63e687ebffde81187a948221294896f6bdc0ae2312708df339430095"},
]

[[package]]
name = "httpcore"
version = "1.0.6"
requires_python = ">=3.8"
summary = "A minimal low-level HTTP client."
groups = ["default"]
dependencies = [
    "certifi",
    "h11<0.15,>=0.13",
]
files = [
    {file = "httpcore-1.0.6-py3-none-any.whl", hash = "sha256:27b59625743b85577a8c0e10e55b50b5368a4f2cfe8cc7bcfa9cf00829c2682f"},
    {file = "httpcore-1.0.6.tar.gz", hash = "sha256:73f6dbd6eb8c21bbf7ef8efad555481853f5f6acdeaff1edb0694289269ee17f"},
]

[[package]]
name = "httpx"
version = "0.27.2"
requires_python = ">=3.8"
summary = "The next generation HTTP client."
groups = ["default"]
dependencies = [
    "anyio",
    "certifi",
    "httpcore==1.*",
    "idna",
    "sniffio",
]
files = [
    {file = "httpx-0.27.2-py3-none-any.whl", hash = "sha256:7bb2708e112d8fdd7829cd4243970f0c223274051cb35ee80c03301ee29a3df0"},
    {file = "httpx-0.27.2.tar.gz", hash = "sha256:f7c2be1d2f3c3c3160d441802406b206c2b76f5947b11115e6df10c6c65e66c2"},
]

[[package]]
name = "httpx"
version = "0.27.2"
extras = ["http2"]
requires_python = ">=3.8"
summary = "The next generation HTTP client."
groups = ["default"]
dependencies = [
    "h2<5,>=3",
    "httpx==0.27.2",
]
files = [
    {file = "httpx-0.27.2-py3-none-any.whl", hash = "sha256:7bb2708e112d8fdd7829cd4243970f0c223274051cb35ee80c03301ee29a3df0"},
    {file = "httpx-0.27.2.tar.gz", hash = "sha256:f7c2be1d2f3c3c3160d441802406b206c2b76f5947b11115e6df10c6c65e66c2"},
]

[[package]]
name = "hyperframe"
version = "6.0.1"
requires_python = ">=3.6.1"
summary = "HTTP/2 framing layer for Python"
groups = ["default"]
files = [
    {file = "hyperframe-6.0.1-py3-none-any.whl", hash = "sha256:0ec6bafd80d8ad2195c4f03aacba3a8265e57bc4cff261e802bf39970ed02a15"},
    {file = "hyperframe-6.0.1.tar.gz", hash = "sha256:ae510046231dc8e9ecb1a6586f63d2347bf4c8905914aa84ba585ae85f28a914"},
]

[[package]]
name = "idna"
version = "3.10"
requires_python = ">=3.6"
summary = "Internationalized Domain Names in Applications (IDNA)"
groups = ["default"]
files = [
    {file = "idna-3.10-py3-none-any.whl", hash = "sha256:946d195a0d259cbba61165e88e65941f16e9b36ea6ddb97f00452bae8b1287d3"},
    {file = "idna-3.10.tar.gz", hash = "sha256:12f65c9b470abda6dc35cf8e63cc574b1c52b11df2c86030af0ac09b01b13ea9"},
]

[[package]]
name = "itsdangerous"
version = "2.2.0"
requires_python = ">=3.8"
summary = "Safely pass data to untrusted environments and back."
groups = ["default"]
files = [
    {file = "itsdangerous-2.2.0-py3-none-any.whl", hash = "sha256:c6242fc49e35958c8b15141343aa660db5fc54d4f13a1db01a3f5891b98700ef"},
    {file = "itsdangerous-2.2.0.tar.gz", hash = "sha256:e0050c0b7da1eea53ffaf149c0cfbb5c6e2e2b69c4bef22c81fa6eb73e5f6173"},
]

[[package]]
name = "multidict"
version = "6.1.0"
requires_python = ">=3.8"
summary = "multidict implementation"
groups = ["default"]
dependencies = [
    "typing-extensions>=4.1.0; python_version < \"3.11\"",
]
files = [
    {file = "multidict-6.1.0-cp311-cp311-macosx_10_9_universal2.whl", hash = "sha256:3efe2c2cb5763f2f1b275ad2bf7a287d3f7ebbef35648a9726e3b69284a4f3d6"},
    {file = "multidict-6.1.0-cp311-cp311-macosx_10_9_x86_64.whl", hash = "sha256:c7053d3b0353a8b9de430a4f4b4268ac9a4fb3481af37dfe49825bf45ca24156"},
    {file = "multidict-6.1.0-cp311-cp311-macosx_11_0_arm64.whl", hash = "sha256:27e5fc84ccef8dfaabb09d82b7d179c7cf1a3fbc8a966f8274fcb4ab2eb4cadb"},
    {file = "multidict-6.1.0-cp311-cp311-manylinux_2_17_aarch64.manylinux2014_aarch64.whl", hash = "sha256:0e2b90b43e696f25c62656389d32236e049568b39320e2735d51f08fd362761b"},
    {file = "multidict-6.1.0-cp311-cp311-manylinux_2_17_ppc64le.manylinux2014_ppc64le.whl", hash = "sha256:d83a047959d38a7ff552ff94be767b7fd79b831ad1cd9920662db05fec24fe72"},
    {file = "multidict-6.1.0-cp311-cp311-manylinux_2_17_s390x.manylinux2014_s390x.whl", hash = "sha256:d1a9dd711d0877a1ece3d2e4fea11a8e75741ca21954c919406b44e7cf971304"},
    {file = "multidict-6.1.0-cp311-cp311-manylinux_2_17_x86_64.manylinux2014_x86_64.whl", hash = "sha256:ec2abea24d98246b94913b76a125e855eb5c434f7c46546046372fe60f666351"},
    {file = "multidict-6.1.0-cp311-cp311-manylinux_2_5_i686.manylinux1_i686.manylinux_2_17_i686.manylinux2014_i686.whl", hash = "sha256:4867cafcbc6585e4b678876c489b9273b13e9fff9f6d6d66add5e15d11d926cb"},
    {file = "multidict-6.1.0-cp311-cp311-musllinux_1_2_aarch64.whl", hash = "sha256:5b48204e8d955c47c55b72779802b219a39acc3ee3d0116d5080c388970b76e3"},
    {file = "multidict-6.1.0-cp311-cp311-musllinux_1_2_i686.whl", hash = "sha256:d8fff389528cad1618fb4b26b95550327495462cd745d879a8c7c2115248e399"},
    {file = "multidict-6.1.0-cp311-cp311-musllinux_1_2_ppc64le.whl", hash = "sha256:a7a9541cd308eed5e30318430a9c74d2132e9a8cb46b901326272d780bf2d423"},
    {file = "multidict-6.1.0-cp311-cp311-musllinux_1_2_s390x.whl", hash = "sha256:da1758c76f50c39a2efd5e9859ce7d776317eb1dd34317c8152ac9251fc574a3"},
    {file = "multidict-6.1.0-cp311-cp311-musllinux_1_2_x86_64.whl", hash = "sha256:c943a53e9186688b45b323602298ab727d8865d8c9ee0b17f8d62d14b56f0753"},
    {file = "multidict-6.1.0-cp311-cp311-win32.whl", hash = "sha256:90f8717cb649eea3504091e640a1b8568faad18bd4b9fcd692853a04475a4b80"},
    {file = "multidict-6.1.0-cp311-cp311-win_amd64.whl", hash = "sha256:82176036e65644a6cc5bd619f65f6f19781e8ec2e5330f51aa9ada7504cc1926"},
    {file = "multidict-6.1.0-py3-none-any.whl", hash = "sha256:48e171e52d1c4d33888e529b999e5900356b9ae588c2f09a52dcefb158b27506"},
    {file = "multidict-6.1.0.tar.gz", hash = "sha256:22ae2ebf9b0c69d206c003e2f6a914ea33f0a932d4aa16f236afc049d9958f4a"},
]

[[package]]
name = "packaging"
version = "24.1"
requires_python = ">=3.8"
summary = "Core utilities for Python packages"
groups = ["default"]
files = [
    {file = "packaging-24.1-py3-none-any.whl", hash = "sha256:5b8f2217dbdbd2f7f384c41c628544e6d52f2d0f53c6d0c3ea61aa5d1d7ff124"},
    {file = "packaging-24.1.tar.gz", hash = "sha256:026ed72c8ed3fcce5bf8950572258698927fd1dbda10a5e981cdf0ac37f4f002"},
]

[[package]]
name = "postgrest"
version = "0.17.2"
requires_python = "<4.0,>=3.9"
summary = "PostgREST client for Python. This library provides an ORM interface to PostgREST."
groups = ["default"]
dependencies = [
    "deprecation<3.0.0,>=2.1.0",
    "httpx[http2]<0.28,>=0.26",
    "pydantic<3.0,>=1.9",
    "strenum<0.5.0,>=0.4.9; python_version < \"3.11\"",
]
files = [
    {file = "postgrest-0.17.2-py3-none-any.whl", hash = "sha256:f7c4f448e5a5e2d4c1dcf192edae9d1007c4261e9a6fb5116783a0046846ece2"},
    {file = "postgrest-0.17.2.tar.gz", hash = "sha256:445cd4e4a191e279492549df0c4e827d32f9d01d0852599bb8a6efb0f07fcf78"},
]

[[package]]
name = "propcache"
version = "0.2.0"
requires_python = ">=3.8"
summary = "Accelerated property cache"
groups = ["default"]
files = [
    {file = "propcache-0.2.0-cp311-cp311-macosx_10_9_universal2.whl", hash = "sha256:63f13bf09cc3336eb04a837490b8f332e0db41da66995c9fd1ba04552e516354"},
    {file = "propcache-0.2.0-cp311-cp311-macosx_10_9_x86_64.whl", hash = "sha256:608cce1da6f2672a56b24a015b42db4ac612ee709f3d29f27a00c943d9e851de"},
    {file = "propcache-0.2.0-cp311-cp311-macosx_11_0_arm64.whl", hash = "sha256:466c219deee4536fbc83c08d09115249db301550625c7fef1c5563a584c9bc87"},
    {file = "propcache-0.2.0-cp311-cp311-manylinux_2_17_aarch64.manylinux2014_aarch64.whl", hash = "sha256:fc2db02409338bf36590aa985a461b2c96fce91f8e7e0f14c50c5fcc4f229016"},
    {file = "propcache-0.2.0-cp311-cp311-manylinux_2_17_ppc64le.manylinux2014_ppc64le.whl", hash = "sha256:a6ed8db0a556343d566a5c124ee483ae113acc9a557a807d439bcecc44e7dfbb"},
    {file = "propcache-0.2.0-cp311-cp311-manylinux_2_17_s390x.manylinux2014_s390x.whl", hash = "sha256:91997d9cb4a325b60d4e3f20967f8eb08dfcb32b22554d5ef78e6fd1dda743a2"},
    {file = "propcache-0.2.0-cp311-cp311-manylinux_2_17_x86_64.manylinux2014_x86_64.whl", hash = "sha256:4c7dde9e533c0a49d802b4f3f218fa9ad0a1ce21f2c2eb80d5216565202acab4"},
    {file = "propcache-0.2.0-cp311-cp311-manylinux_2_5_i686.manylinux1_i686.manylinux_2_17_i686.manylinux2014_i686.whl", hash = "sha256:ffcad6c564fe6b9b8916c1aefbb37a362deebf9394bd2974e9d84232e3e08504"},
    {file = "propcache-0.2.0-cp311-cp311-musllinux_1_2_aarch64.whl", hash = "sha256:97a58a28bcf63284e8b4d7b460cbee1edaab24634e82059c7b8c09e65284f178"},
    {file = "propcache-0.2.0-cp311-cp311-musllinux_1_2_armv7l.whl", hash = "sha256:945db8ee295d3af9dbdbb698cce9bbc5c59b5c3fe328bbc4387f59a8a35f998d"},
    {file = "propcache-0.2.0-cp311-cp311-musllinux_1_2_i686.whl", hash = "sha256:39e104da444a34830751715f45ef9fc537475ba21b7f1f5b0f4d71a3b60d7fe2"},
    {file = "propcache-0.2.0-cp311-cp311-musllinux_1_2_ppc64le.whl", hash = "sha256:c5ecca8f9bab618340c8e848d340baf68bcd8ad90a8ecd7a4524a81c1764b3db"},
    {file = "propcache-0.2.0-cp311-cp311-musllinux_1_2_s390x.whl", hash = "sha256:c436130cc779806bdf5d5fae0d848713105472b8566b75ff70048c47d3961c5b"},
    {file = "propcache-0.2.0-cp311-cp311-musllinux_1_2_x86_64.whl", hash = "sha256:191db28dc6dcd29d1a3e063c3be0b40688ed76434622c53a284e5427565bbd9b"},
    {file = "propcache-0.2.0-cp311-cp311-win32.whl", hash = "sha256:5f2564ec89058ee7c7989a7b719115bdfe2a2fb8e7a4543b8d1c0cc4cf6478c1"},
    {file = "propcache-0.2.0-cp311-cp311-win_amd64.whl", hash = "sha256:6e2e54267980349b723cff366d1e29b138b9a60fa376664a157a342689553f71"},
    {file = "propcache-0.2.0-py3-none-any.whl", hash = "sha256:2ccc28197af5313706511fab3a8b66dcd6da067a1331372c82ea1cb74285e036"},
    {file = "propcache-0.2.0.tar.gz", hash = "sha256:df81779732feb9d01e5d513fad0122efb3d53bbc75f61b2a4f29a020bc985e70"},
]

[[package]]
name = "pyasn1"
version = "0.6.1"
requires_python = ">=3.8"
summary = "Pure-Python implementation of ASN.1 types and DER/BER/CER codecs (X.208)"
groups = ["default"]
files = [
    {file = "pyasn1-0.6.1-py3-none-any.whl", hash = "sha256:0d632f46f2ba09143da3a8afe9e33fb6f92fa2320ab7e886e2d0f7672af84629"},
    {file = "pyasn1-0.6.1.tar.gz", hash = "sha256:6f580d2bdd84365380830acf45550f2511469f673cb4a5ae3857a3170128b034"},
]

[[package]]
name = "pycparser"
version = "2.22"
requires_python = ">=3.8"
summary = "C parser in Python"
groups = ["default"]
marker = "platform_python_implementation != \"PyPy\""
files = [
    {file = "pycparser-2.22-py3-none-any.whl", hash = "sha256:c3702b6d3dd8c7abc1afa565d7e63d53a1d0bd86cdc24edd75470f4de499cfcc"},
    {file = "pycparser-2.22.tar.gz", hash = "sha256:491c8be9c040f5390f5bf44a5b07752bd07f56edf992381b05c701439eec10f6"},
]

[[package]]
name = "pydantic"
version = "2.9.2"
requires_python = ">=3.8"
summary = "Data validation using Python type hints"
groups = ["default"]
dependencies = [
    "annotated-types>=0.6.0",
    "pydantic-core==2.23.4",
    "typing-extensions>=4.12.2; python_version >= \"3.13\"",
    "typing-extensions>=4.6.1; python_version < \"3.13\"",
]
files = [
    {file = "pydantic-2.9.2-py3-none-any.whl", hash = "sha256:f048cec7b26778210e28a0459867920654d48e5e62db0958433636cde4254f12"},
    {file = "pydantic-2.9.2.tar.gz", hash = "sha256:d155cef71265d1e9807ed1c32b4c8deec042a44a50a4188b25ac67ecd81a9c0f"},
]

[[package]]
name = "pydantic-core"
version = "2.23.4"
requires_python = ">=3.8"
summary = "Core functionality for Pydantic validation and serialization"
groups = ["default"]
dependencies = [
    "typing-extensions!=4.7.0,>=4.6.0",
]
files = [
    {file = "pydantic_core-2.23.4-cp311-cp311-macosx_10_12_x86_64.whl", hash = "sha256:77733e3892bb0a7fa797826361ce8a9184d25c8dffaec60b7ffe928153680ba8"},
    {file = "pydantic_core-2.23.4-cp311-cp311-macosx_11_0_arm64.whl", hash = "sha256:1b84d168f6c48fabd1f2027a3d1bdfe62f92cade1fb273a5d68e621da0e44e6d"},
    {file = "pydantic_core-2.23.4-cp311-cp311-manylinux_2_17_aarch64.manylinux2014_aarch64.whl", hash = "sha256:df49e7a0861a8c36d089c1ed57d308623d60416dab2647a4a17fe050ba85de0e"},
    {file = "pydantic_core-2.23.4-cp311-cp311-manylinux_2_17_armv7l.manylinux2014_armv7l.whl", hash = "sha256:ff02b6d461a6de369f07ec15e465a88895f3223eb75073ffea56b84d9331f607"},
    {file = "pydantic_core-2.23.4-cp311-cp311-manylinux_2_17_ppc64le.manylinux2014_ppc64le.whl", hash = "sha256:996a38a83508c54c78a5f41456b0103c30508fed9abcad0a59b876d7398f25fd"},
    {file = "pydantic_core-2.23.4-cp311-cp311-manylinux_2_17_s390x.manylinux2014_s390x.whl", hash = "sha256:d97683ddee4723ae8c95d1eddac7c192e8c552da0c73a925a89fa8649bf13eea"},
    {file = "pydantic_core-2.23.4-cp311-cp311-manylinux_2_17_x86_64.manylinux2014_x86_64.whl", hash = "sha256:216f9b2d7713eb98cb83c80b9c794de1f6b7e3145eef40400c62e86cee5f4e1e"},
    {file = "pydantic_core-2.23.4-cp311-cp311-manylinux_2_5_i686.manylinux1_i686.whl", hash = "sha256:6f783e0ec4803c787bcea93e13e9932edab72068f68ecffdf86a99fd5918878b"},
    {file = "pydantic_core-2.23.4-cp311-cp311-musllinux_1_1_aarch64.whl", hash = "sha256:d0776dea117cf5272382634bd2a5c1b6eb16767c223c6a5317cd3e2a757c61a0"},
    {file = "pydantic_core-2.23.4-cp311-cp311-musllinux_1_1_x86_64.whl", hash = "sha256:d5f7a395a8cf1621939692dba2a6b6a830efa6b3cee787d82c7de1ad2930de64"},
    {file = "pydantic_core-2.23.4-cp311-none-win32.whl", hash = "sha256:74b9127ffea03643e998e0c5ad9bd3811d3dac8c676e47db17b0ee7c3c3bf35f"},
    {file = "pydantic_core-2.23.4-cp311-none-win_amd64.whl", hash = "sha256:98d134c954828488b153d88ba1f34e14259284f256180ce659e8d83e9c05eaa3"},
    {file = "pydantic_core-2.23.4.tar.gz", hash = "sha256:2584f7cf844ac4d970fba483a717dbe10c1c1c96a969bf65d61ffe94df1b2863"},
]

[[package]]
name = "pydantic-settings"
version = "2.6.1"
requires_python = ">=3.8"
summary = "Settings management using Pydantic"
groups = ["default"]
dependencies = [
    "pydantic>=2.7.0",
    "python-dotenv>=0.21.0",
]
files = [
    {file = "pydantic_settings-2.6.1-py3-none-any.whl", hash = "sha256:7fb0637c786a558d3103436278a7c4f1cfd29ba8973238a50c5bb9a55387da87"},
    {file = "pydantic_settings-2.6.1.tar.gz", hash = "sha256:e0f92546d8a9923cb8941689abf85d6601a8c19a23e97a34b2964a2e3f813ca0"},
]

[[package]]
name = "python-dateutil"
version = "2.9.0.post0"
requires_python = "!=3.0.*,!=3.1.*,!=3.2.*,>=2.7"
summary = "Extensions to the standard Python datetime module"
groups = ["default"]
dependencies = [
    "six>=1.5",
]
files = [
    {file = "python-dateutil-2.9.0.post0.tar.gz", hash = "sha256:37dd54208da7e1cd875388217d5e00ebd4179249f90fb72437e91a35459a0ad3"},
    {file = "python_dateutil-2.9.0.post0-py2.py3-none-any.whl", hash = "sha256:a8b2bc7bffae282281c8140a97d3aa9c14da0b136dfe83f850eea9a5f7470427"},
]

[[package]]
name = "python-dotenv"
version = "1.0.1"
requires_python = ">=3.8"
summary = "Read key-value pairs from a .env file and set them as environment variables"
groups = ["default"]
files = [
    {file = "python-dotenv-1.0.1.tar.gz", hash = "sha256:e324ee90a023d808f1959c46bcbc04446a10ced277783dc6ee09987c37ec10ca"},
    {file = "python_dotenv-1.0.1-py3-none-any.whl", hash = "sha256:f7b63ef50f1b690dddf550d03497b66d609393b40b564ed0d674909a68ebf16a"},
]

[[package]]
name = "python-jose"
version = "3.3.0"
summary = "JOSE implementation in Python"
groups = ["default"]
dependencies = [
    "ecdsa!=0.15",
    "pyasn1",
    "rsa",
]
files = [
    {file = "python-jose-3.3.0.tar.gz", hash = "sha256:55779b5e6ad599c6336191246e95eb2293a9ddebd555f796a65f838f07e5d78a"},
    {file = "python_jose-3.3.0-py2.py3-none-any.whl", hash = "sha256:9b1376b023f8b298536eedd47ae1089bcdb848f1535ab30555cd92002d78923a"},
]

[[package]]
name = "realtime"
version = "2.0.6"
requires_python = "<4.0,>=3.9"
summary = ""
groups = ["default"]
dependencies = [
    "aiohttp<4.0.0,>=3.10.10",
    "python-dateutil<3.0.0,>=2.8.1",
    "typing-extensions<5.0.0,>=4.12.2",
    "websockets<14,>=11",
]
files = [
    {file = "realtime-2.0.6-py3-none-any.whl", hash = "sha256:9aab6009c11883197386a0a9dc8c2b6939e62dddda734cfb77594727ac9ae0ce"},
    {file = "realtime-2.0.6.tar.gz", hash = "sha256:ced37686a77a546571029ecc74cfb31fff1404a5159d1198fa882af545843a6f"},
]

[[package]]
name = "rsa"
version = "4.9"
requires_python = ">=3.6,<4"
summary = "Pure-Python RSA implementation"
groups = ["default"]
dependencies = [
    "pyasn1>=0.1.3",
]
files = [
    {file = "rsa-4.9-py3-none-any.whl", hash = "sha256:90260d9058e514786967344d0ef75fa8727eed8a7d2e43ce9f4bcf1b536174f7"},
    {file = "rsa-4.9.tar.gz", hash = "sha256:e38464a49c6c85d7f1351b0126661487a7e0a14a50f1675ec50eb34d4f20ef21"},
]

[[package]]
name = "six"
version = "1.16.0"
requires_python = ">=2.7, !=3.0.*, !=3.1.*, !=3.2.*"
summary = "Python 2 and 3 compatibility utilities"
groups = ["default"]
files = [
    {file = "six-1.16.0-py2.py3-none-any.whl", hash = "sha256:8abb2f1d86890a2dfb989f9a77cfcfd3e47c2a354b01111771326f8aa26e0254"},
    {file = "six-1.16.0.tar.gz", hash = "sha256:1e61c37477a1626458e36f7b1d82aa5c9b094fa4802892072e49de9c60c4c926"},
]

[[package]]
name = "sniffio"
version = "1.3.1"
requires_python = ">=3.7"
summary = "Sniff out which async library your code is running under"
groups = ["default"]
files = [
    {file = "sniffio-1.3.1-py3-none-any.whl", hash = "sha256:2f6da418d1f1e0fddd844478f41680e794e6051915791a034ff65e5f100525a2"},
    {file = "sniffio-1.3.1.tar.gz", hash = "sha256:f4324edc670a0f49750a81b895f35c3adb843cca46f0530f79fc1babb23789dc"},
]

[[package]]
name = "starlette"
version = "0.41.3"
requires_python = ">=3.8"
summary = "The little ASGI library that shines."
groups = ["default"]
dependencies = [
    "anyio<5,>=3.4.0",
    "typing-extensions>=3.10.0; python_version < \"3.10\"",
]
files = [
    {file = "starlette-0.41.3-py3-none-any.whl", hash = "sha256:44cedb2b7c77a9de33a8b74b2b90e9f50d11fcf25d8270ea525ad71a25374ff7"},
    {file = "starlette-0.41.3.tar.gz", hash = "sha256:0e4ab3d16522a255be6b28260b938eae2482f98ce5cc934cb08dce8dc3ba5835"},
]

[[package]]
name = "storage3"
version = "0.8.2"
requires_python = "<4.0,>=3.9"
summary = "Supabase Storage client for Python."
groups = ["default"]
dependencies = [
    "httpx[http2]<0.28,>=0.26",
    "python-dateutil<3.0.0,>=2.8.2",
    "typing-extensions<5.0.0,>=4.2.0",
]
files = [
    {file = "storage3-0.8.2-py3-none-any.whl", hash = "sha256:f2e995b18c77a2a9265d1a33047d43e4d6abb11eb3ca5067959f68281c305de3"},
    {file = "storage3-0.8.2.tar.gz", hash = "sha256:db05d3fe8fb73bd30c814c4c4749664f37a5dfc78b629e8c058ef558c2b89f5a"},
]

[[package]]
name = "supabase"
version = "2.9.1"
requires_python = "<4.0,>=3.9"
summary = "Supabase client for Python."
groups = ["default"]
dependencies = [
    "gotrue<3.0.0,>=2.9.0",
    "httpx<0.28,>=0.26",
    "postgrest<0.18.0,>=0.17.0",
    "realtime<3.0.0,>=2.0.0",
    "storage3<0.9.0,>=0.8.0",
    "supafunc<0.7.0,>=0.6.0",
]
files = [
    {file = "supabase-2.9.1-py3-none-any.whl", hash = "sha256:a96f857a465712cb551679c1df66ba772c834f861756ce4aa2aa4cb703f6aeb7"},
    {file = "supabase-2.9.1.tar.gz", hash = "sha256:51fce39c9eb50573126dabb342541ec5e1f13e7476938768f4b0ccfdb8c522cd"},
]

[[package]]
name = "supafunc"
version = "0.6.2"
requires_python = "<4.0,>=3.9"
summary = "Library for Supabase Functions"
groups = ["default"]
dependencies = [
    "httpx[http2]<0.28,>=0.26",
]
files = [
    {file = "supafunc-0.6.2-py3-none-any.whl", hash = "sha256:101b30616b0a1ce8cf938eca1df362fa4cf1deacb0271f53ebbd674190fb0da5"},
    {file = "supafunc-0.6.2.tar.gz", hash = "sha256:c7dfa20db7182f7fe4ae436e94e05c06cd7ed98d697fed75d68c7b9792822adc"},
]

[[package]]
name = "typing-extensions"
version = "4.12.2"
requires_python = ">=3.8"
summary = "Backported and Experimental Type Hints for Python 3.8+"
groups = ["default"]
files = [
    {file = "typing_extensions-4.12.2-py3-none-any.whl", hash = "sha256:04e5ca0351e0f3f85c6853954072df659d0d13fac324d0072316b67d7794700d"},
    {file = "typing_extensions-4.12.2.tar.gz", hash = "sha256:1a7ead55c7e559dd4dee8856e3a88b41225abfe1ce8df57b7c13915fe121ffb8"},
]

[[package]]
name = "uvicorn"
version = "0.32.0"
requires_python = ">=3.8"
summary = "The lightning-fast ASGI server."
groups = ["default"]
dependencies = [
    "click>=7.0",
    "h11>=0.8",
    "typing-extensions>=4.0; python_version < \"3.11\"",
]
files = [
    {file = "uvicorn-0.32.0-py3-none-any.whl", hash = "sha256:60b8f3a5ac027dcd31448f411ced12b5ef452c646f76f02f8cc3f25d8d26fd82"},
    {file = "uvicorn-0.32.0.tar.gz", hash = "sha256:f78b36b143c16f54ccdb8190d0a26b5f1901fe5a3c777e1ab29f26391af8551e"},
]

[[package]]
name = "websockets"
version = "13.1"
requires_python = ">=3.8"
summary = "An implementation of the WebSocket Protocol (RFC 6455 & 7692)"
groups = ["default"]
files = [
    {file = "websockets-13.1-cp311-cp311-macosx_10_9_universal2.whl", hash = "sha256:61fc0dfcda609cda0fc9fe7977694c0c59cf9d749fbb17f4e9483929e3c48a19"},
    {file = "websockets-13.1-cp311-cp311-macosx_10_9_x86_64.whl", hash = "sha256:ceec59f59d092c5007e815def4ebb80c2de330e9588e101cf8bd94c143ec78a5"},
    {file = "websockets-13.1-cp311-cp311-macosx_11_0_arm64.whl", hash = "sha256:c1dca61c6db1166c48b95198c0b7d9c990b30c756fc2923cc66f68d17dc558fd"},
    {file = "websockets-13.1-cp311-cp311-manylinux_2_17_aarch64.manylinux2014_aarch64.whl", hash = "sha256:308e20f22c2c77f3f39caca508e765f8725020b84aa963474e18c59accbf4c02"},
    {file = "websockets-13.1-cp311-cp311-manylinux_2_5_i686.manylinux1_i686.manylinux_2_17_i686.manylinux2014_i686.whl", hash = "sha256:62d516c325e6540e8a57b94abefc3459d7dab8ce52ac75c96cad5549e187e3a7"},
    {file = "websockets-13.1-cp311-cp311-manylinux_2_5_x86_64.manylinux1_x86_64.manylinux_2_17_x86_64.manylinux2014_x86_64.whl", hash = "sha256:87c6e35319b46b99e168eb98472d6c7d8634ee37750d7693656dc766395df096"},
    {file = "websockets-13.1-cp311-cp311-musllinux_1_2_aarch64.whl", hash = "sha256:5f9fee94ebafbc3117c30be1844ed01a3b177bb6e39088bc6b2fa1dc15572084"},
    {file = "websockets-13.1-cp311-cp311-musllinux_1_2_i686.whl", hash = "sha256:7c1e90228c2f5cdde263253fa5db63e6653f1c00e7ec64108065a0b9713fa1b3"},
    {file = "websockets-13.1-cp311-cp311-musllinux_1_2_x86_64.whl", hash = "sha256:6548f29b0e401eea2b967b2fdc1c7c7b5ebb3eeb470ed23a54cd45ef078a0db9"},
    {file = "websockets-13.1-cp311-cp311-win32.whl", hash = "sha256:c11d4d16e133f6df8916cc5b7e3e96ee4c44c936717d684a94f48f82edb7c92f"},
    {file = "websockets-13.1-cp311-cp311-win_amd64.whl", hash = "sha256:d04f13a1d75cb2b8382bdc16ae6fa58c97337253826dfe136195b7f89f661557"},
    {file = "websockets-13.1-py3-none-any.whl", hash = "sha256:a9a396a6ad26130cdae92ae10c36af09d9bfe6cafe69670fd3b6da9b07b4044f"},
    {file = "websockets-13.1.tar.gz", hash = "sha256:a3b3366087c1bc0a2795111edcadddb8b3b59509d5db5d7ea3fdd69f954a8878"},
]

[[package]]
name = "yarl"
version = "1.17.1"
requires_python = ">=3.9"
summary = "Yet another URL library"
groups = ["default"]
dependencies = [
    "idna>=2.0",
    "multidict>=4.0",
    "propcache>=0.2.0",
]
files = [
    {file = "yarl-1.17.1-cp311-cp311-macosx_10_9_universal2.whl", hash = "sha256:cbad927ea8ed814622305d842c93412cb47bd39a496ed0f96bfd42b922b4a217"},
    {file = "yarl-1.17.1-cp311-cp311-macosx_10_9_x86_64.whl", hash = "sha256:fca4b4307ebe9c3ec77a084da3a9d1999d164693d16492ca2b64594340999988"},
    {file = "yarl-1.17.1-cp311-cp311-macosx_11_0_arm64.whl", hash = "sha256:ff5c6771c7e3511a06555afa317879b7db8d640137ba55d6ab0d0c50425cab75"},
    {file = "yarl-1.17.1-cp311-cp311-manylinux_2_17_aarch64.manylinux2014_aarch64.whl", hash = "sha256:5b29beab10211a746f9846baa39275e80034e065460d99eb51e45c9a9495bcca"},
    {file = "yarl-1.17.1-cp311-cp311-manylinux_2_17_ppc64le.manylinux2014_ppc64le.whl", hash = "sha256:1a52a1ffdd824fb1835272e125385c32fd8b17fbdefeedcb4d543cc23b332d74"},
    {file = "yarl-1.17.1-cp311-cp311-manylinux_2_17_s390x.manylinux2014_s390x.whl", hash = "sha256:58c8e9620eb82a189c6c40cb6b59b4e35b2ee68b1f2afa6597732a2b467d7e8f"},
    {file = "yarl-1.17.1-cp311-cp311-manylinux_2_17_x86_64.manylinux2014_x86_64.whl", hash = "sha256:d216e5d9b8749563c7f2c6f7a0831057ec844c68b4c11cb10fc62d4fd373c26d"},
    {file = "yarl-1.17.1-cp311-cp311-manylinux_2_5_i686.manylinux1_i686.manylinux_2_17_i686.manylinux2014_i686.whl", hash = "sha256:881764d610e3269964fc4bb3c19bb6fce55422828e152b885609ec176b41cf11"},
    {file = "yarl-1.17.1-cp311-cp311-musllinux_1_2_aarch64.whl", hash = "sha256:8c79e9d7e3d8a32d4824250a9c6401194fb4c2ad9a0cec8f6a96e09a582c2cc0"},
    {file = "yarl-1.17.1-cp311-cp311-musllinux_1_2_armv7l.whl", hash = "sha256:299f11b44d8d3a588234adbe01112126010bd96d9139c3ba7b3badd9829261c3"},
    {file = "yarl-1.17.1-cp311-cp311-musllinux_1_2_i686.whl", hash = "sha256:cc7d768260f4ba4ea01741c1b5fe3d3a6c70eb91c87f4c8761bbcce5181beafe"},
    {file = "yarl-1.17.1-cp311-cp311-musllinux_1_2_ppc64le.whl", hash = "sha256:de599af166970d6a61accde358ec9ded821234cbbc8c6413acfec06056b8e860"},
    {file = "yarl-1.17.1-cp311-cp311-musllinux_1_2_s390x.whl", hash = "sha256:2b24ec55fad43e476905eceaf14f41f6478780b870eda5d08b4d6de9a60b65b4"},
    {file = "yarl-1.17.1-cp311-cp311-musllinux_1_2_x86_64.whl", hash = "sha256:9fb815155aac6bfa8d86184079652c9715c812d506b22cfa369196ef4e99d1b4"},
    {file = "yarl-1.17.1-cp311-cp311-win32.whl", hash = "sha256:7615058aabad54416ddac99ade09a5510cf77039a3b903e94e8922f25ed203d7"},
    {file = "yarl-1.17.1-cp311-cp311-win_amd64.whl", hash = "sha256:14bc88baa44e1f84164a392827b5defb4fa8e56b93fecac3d15315e7c8e5d8b3"},
    {file = "yarl-1.17.1-py3-none-any.whl", hash = "sha256:f1790a4b1e8e8e028c391175433b9c8122c39b46e1663228158e61e6f915bf06"},
    {file = "yarl-1.17.1.tar.gz", hash = "sha256:067a63fcfda82da6b198fa73079b1ca40b7c9b7994995b6ee38acda728b64d47"},
]
